<?xml version="1.0" encoding="utf-8"?>
<Project ToolsVersion="4.0" xmlns="http://schemas.microsoft.com/developer/msbuild/2003">
  <ItemGroup>
    <Filter Include="Common">
      <UniqueIdentifier>7fe89544-3370-40a7-9bad-7cd649002ea6</UniqueIdentifier>
    </Filter>
    <Filter Include="Assets">
      <UniqueIdentifier>6007eb2f-29e1-4437-a4fe-f0513a0ac30b</UniqueIdentifier>
    </Filter>
    <Image Include="Assets\Logo.png">
      <Filter>Assets</Filter>
    </Image>
    <Image Include="Assets\SmallLogo.png">
      <Filter>Assets</Filter>
    </Image>
    <Image Include="Assets\StoreLogo.png">
      <Filter>Assets</Filter>
    </Image>
    <Image Include="Assets\SplashScreen.png">
      <Filter>Assets</Filter>
    </Image>
  </ItemGroup>
  <ItemGroup>
    <ClCompile Include="Direct3DBase.cpp" />
    <ClCompile Include="pch.cpp" />
    <ClCompile Include="Objects\Landscape.cpp" />
    <ClCompile Include="SceneRenderer.cpp" />
    <ClCompile Include="RiplMain.cpp" />
    <ClCompile Include="MoveLookController.cpp" />
    <ClCompile Include="CommonFunctions.cpp" />
    <ClCompile Include="heightmap.cpp" />
  </ItemGroup>
  <ItemGroup>
    <ClInclude Include="DirectXHelper.h" />
    <ClInclude Include="Direct3DBase.h" />
    <ClInclude Include="BasicTimer.h" />
    <ClInclude Include="pch.h" />
    <ClInclude Include="Objects\Landscape.h" />
    <ClInclude Include="Structures\VertexStructures.h" />
    <ClInclude Include="Structures\ShaderStructures.h" />
    <ClInclude Include="SceneRenderer.h" />
    <ClInclude Include="RiplMain.h" />
    <ClInclude Include="MoveLookController.h" />
    <ClInclude Include="CommonFunctions.h" />
    <ClInclude Include="heightmap.h" />
  </ItemGroup>
  <ItemGroup>
    <AppxManifest Include="Package.appxmanifest" />
  </ItemGroup>
  <ItemGroup>
    <None Include="Ripl_TemporaryKey.pfx" />
  </ItemGroup>
  <ItemGroup>
    <FxCompile Include="Shaders\PixelShader.hlsl" />
    <FxCompile Include="Shaders\VertexShader.hlsl" />
  </ItemGroup>
  <ItemGroup>
    <Image Include="Assets\heightmap.bmp">
      <Filter>Assets</Filter>
    </Image>
  </ItemGroup>
</Project>