<?xml version="1.0" encoding="utf-8"?>
<Project ToolsVersion="4.0" xmlns="http://schemas.microsoft.com/developer/msbuild/2003">
  <ItemGroup>
    <FxCompile Include="$(MSBuildThisFileDirectory)Content\Shaders\Pixel\PixelShader.hlsl" />
    <FxCompile Include="$(MSBuildThisFileDirectory)Content\Shaders\Vertex\VertexShader.hlsl" />
  </ItemGroup>
  <ItemGroup>
    <ClCompile Include="$(MSBuildThisFileDirectory)Collision.cpp" />
    <ClCompile Include="$(MSBuildThisFileDirectory)Content\CommonFunctions.cpp" />
    <ClCompile Include="$(MSBuildThisFileDirectory)Content\MoveLookController.cpp" />
    <ClCompile Include="$(MSBuildThisFileDirectory)Content\Objects\World\Landscape.cpp" />
    <ClCompile Include="$(MSBuildThisFileDirectory)Content\Objects\World\Water.cpp" />
    <ClCompile Include="$(MSBuildThisFileDirectory)Content\SceneRenderer.cpp" />
    <ClCompile Include="$(MSBuildThisFileDirectory)HeightMap.cpp" />
    <ClCompile Include="$(MSBuildThisFileDirectory)MoveObject.cpp" />
    <ClCompile Include="$(MSBuildThisFileDirectory)RippleMove.cpp" />
    <ClCompile Include="$(MSBuildThisFileDirectory)RiplGameMain.cpp" />
    <ClCompile Include="$(MSBuildThisFileDirectory)pch.cpp" />
    <ClCompile Include="$(MSBuildThisFileDirectory)Common\DeviceResources.cpp" />
    <ClCompile Include="$(MSBuildThisFileDirectory)WallCollision.cpp" />
    <ClCompile Include="$(MSBuildThisFileDirectory)GameInfo.cpp" />
  </ItemGroup>
  <ItemGroup>
    <ClInclude Include="$(MSBuildThisFileDirectory)Content\CommonFunctions.h" />
    <ClInclude Include="$(MSBuildThisFileDirectory)Content\MoveLookController.h" />
    <ClInclude Include="$(MSBuildThisFileDirectory)Content\Objects\World\Landscape.h" />
    <ClInclude Include="$(MSBuildThisFileDirectory)Content\Objects\World\Water.h" />
    <ClInclude Include="$(MSBuildThisFileDirectory)Content\Structures\OtherStructures.h" />
    <ClInclude Include="$(MSBuildThisFileDirectory)Content\Structures\ShaderStructures.h" />
    <ClInclude Include="$(MSBuildThisFileDirectory)Collision.h" />
    <ClInclude Include="$(MSBuildThisFileDirectory)HeightMap.h" />
    <ClInclude Include="$(MSBuildThisFileDirectory)MoveObject.h" />
    <ClInclude Include="$(MSBuildThisFileDirectory)RiplGameMain.h" />
    <ClInclude Include="$(MSBuildThisFileDirectory)pch.h" />
    <ClInclude Include="$(MSBuildThisFileDirectory)Common\DeviceResources.h" />
    <ClInclude Include="$(MSBuildThisFileDirectory)Common\DirectXHelper.h" />
    <ClInclude Include="$(MSBuildThisFileDirectory)Common\StepTimer.h" />
    <ClInclude Include="$(MSBuildThisFileDirectory)Content\SceneRenderer.h" />
    <ClInclude Include="$(MSBuildThisFileDirectory)Content\Structures\VertexStructures.h" />
    <ClInclude Include="$(MSBuildThisFileDirectory)RippleMove.h" />
    <ClInclude Include="$(MSBuildThisFileDirectory)GameInfo.h" />
    <ClInclude Include="$(MSBuildThisFileDirectory)WallCollision.h" />
  </ItemGroup>
  <ItemGroup>
    <Image Include="$(MSBuildThisFileDirectory)heightmap_medium.bmp" />
    <Image Include="$(MSBuildThisFileDirectory)heightmap_small.bmp" />
    <Image Include="$(MSBuildThisFileDirectory)heightmap_medium_mountains.bmp" />
  </ItemGroup>
</Project>